
Microsoft Visual Studio Solution File, Format Version 12.00
# Visual Studio 15
VisualStudioVersion = 15.0.27130.2010
MinimumVisualStudioVersion = 10.0.40219.1
Project("{8BC9CEB8-8B4A-11D0-8D11-00A0C91BC942}") = "cannon", "cannon.vcxproj", "{C3E7AFDE-7B6F-4943-A3A5-C958A52DB2E4}"
EndProject
Global
	GlobalSection(SolutionConfigurationPlatforms) = preSolution
		Debug|x64 = Debug|x64
		Debug|x86 = Debug|x86
		Release|x64 = Release|x64
		Release|x86 = Release|x86
	EndGlobalSection
	GlobalSection(ProjectConfigurationPlatforms) = postSolution
		{C3E7AFDE-7B6F-4943-A3A5-C958A52DB2E4}.Debug|x64.ActiveCfg = Debug|x64
		{C3E7AFDE-7B6F-4943-A3A5-C958A52DB2E4}.Debug|x64.Build.0 = Debug|x64
		{C3E7AFDE-7B6F-4943-A3A5-C958A52DB2E4}.Debug|x86.ActiveCfg = Debug|Win32
		{C3E7AFDE-7B6F-4943-A3A5-C958A52DB2E4}.Debug|x86.Build.0 = Debug|Win32
		{C3E7AFDE-7B6F-4943-A3A5-C958A52DB2E4}.Release|x64.ActiveCfg = Release|x64
		{C3E7AFDE-7B6F-4943-A3A5-C958A52DB2E4}.Release|x64.Build.0 = Release|x64
		{C3E7AFDE-7B6F-4943-A3A5-C958A52DB2E4}.Release|x86.ActiveCfg = Release|Win32
		{C3E7AFDE-7B6F-4943-A3A5-C958A52DB2E4}.Release|x86.Build.0 = Release|Win32
	EndGlobalSection
	GlobalSection(SolutionProperties) = preSolution
		HideSolutionNode = FALSE
	EndGlobalSection
	GlobalSection(ExtensibilityGlobals) = postSolution
		SolutionGuid = {03FCD5A2-9E54-4413-8AC4-60157B65FC79}
	EndGlobalSection
EndGlobal
